
Microsoft Visual Studio Solution File, Format Version 11.00
# Visual Studio 2010
Project("{FAE04EC0-301F-11D3-BF4B-00C04F79EFBC}") = "Digima", "Digima\Digima.csproj", "{8036305D-9A20-4BF1-B9E3-87DC70CF2600}"
EndProject
Project("{FAE04EC0-301F-11D3-BF4B-00C04F79EFBC}") = "DigiMa.BizProcess", "DigiMa.BizProcess\DigiMa.BizProcess.csproj", "{675BBE22-33EC-449F-BE84-FD52B67190E9}"
EndProject
Project("{FAE04EC0-301F-11D3-BF4B-00C04F79EFBC}") = "DigiMa.DataAccess", "DigiMa.DataAccess\DigiMa.DataAccess.csproj", "{50520835-D637-4060-891C-616DB8968304}"
EndProject
Project("{FAE04EC0-301F-11D3-BF4B-00C04F79EFBC}") = "DigiMa.Common", "DigiMa.Common\DigiMa.Common.csproj", "{52C1D127-5353-48C7-A92A-B71F37CACAD4}"
EndProject
Project("{FAE04EC0-301F-11D3-BF4B-00C04F79EFBC}") = "DigiMa.Data", "DigiMa.Data\DigiMa.Data.csproj", "{781ED914-DCFC-4312-AC27-05099C50FAF7}"
EndProject
Global
	GlobalSection(SolutionConfigurationPlatforms) = preSolution
		Debug|Any CPU = Debug|Any CPU
		Release|Any CPU = Release|Any CPU
	EndGlobalSection
	GlobalSection(ProjectConfigurationPlatforms) = postSolution
		{8036305D-9A20-4BF1-B9E3-87DC70CF2600}.Debug|Any CPU.ActiveCfg = Debug|Any CPU
		{8036305D-9A20-4BF1-B9E3-87DC70CF2600}.Debug|Any CPU.Build.0 = Debug|Any CPU
		{8036305D-9A20-4BF1-B9E3-87DC70CF2600}.Release|Any CPU.ActiveCfg = Release|Any CPU
		{8036305D-9A20-4BF1-B9E3-87DC70CF2600}.Release|Any CPU.Build.0 = Release|Any CPU
		{675BBE22-33EC-449F-BE84-FD52B67190E9}.Debug|Any CPU.ActiveCfg = Debug|Any CPU
		{675BBE22-33EC-449F-BE84-FD52B67190E9}.Debug|Any CPU.Build.0 = Debug|Any CPU
		{675BBE22-33EC-449F-BE84-FD52B67190E9}.Release|Any CPU.ActiveCfg = Release|Any CPU
		{675BBE22-33EC-449F-BE84-FD52B67190E9}.Release|Any CPU.Build.0 = Release|Any CPU
		{50520835-D637-4060-891C-616DB8968304}.Debug|Any CPU.ActiveCfg = Debug|Any CPU
		{50520835-D637-4060-891C-616DB8968304}.Debug|Any CPU.Build.0 = Debug|Any CPU
		{50520835-D637-4060-891C-616DB8968304}.Release|Any CPU.ActiveCfg = Release|Any CPU
		{50520835-D637-4060-891C-616DB8968304}.Release|Any CPU.Build.0 = Release|Any CPU
		{52C1D127-5353-48C7-A92A-B71F37CACAD4}.Debug|Any CPU.ActiveCfg = Debug|Any CPU
		{52C1D127-5353-48C7-A92A-B71F37CACAD4}.Debug|Any CPU.Build.0 = Debug|Any CPU
		{52C1D127-5353-48C7-A92A-B71F37CACAD4}.Release|Any CPU.ActiveCfg = Release|Any CPU
		{52C1D127-5353-48C7-A92A-B71F37CACAD4}.Release|Any CPU.Build.0 = Release|Any CPU
		{781ED914-DCFC-4312-AC27-05099C50FAF7}.Debug|Any CPU.ActiveCfg = Debug|Any CPU
		{781ED914-DCFC-4312-AC27-05099C50FAF7}.Debug|Any CPU.Build.0 = Debug|Any CPU
		{781ED914-DCFC-4312-AC27-05099C50FAF7}.Release|Any CPU.ActiveCfg = Release|Any CPU
		{781ED914-DCFC-4312-AC27-05099C50FAF7}.Release|Any CPU.Build.0 = Release|Any CPU
	EndGlobalSection
	GlobalSection(SolutionProperties) = preSolution
		HideSolutionNode = FALSE
	EndGlobalSection
EndGlobal
